
Microsoft Visual Studio Solution File, Format Version 12.00
# Visual Studio Version 17
VisualStudioVersion = 17.2.32929.388
MinimumVisualStudioVersion = 10.0.40219.1
Project("{2150E333-8FDC-42A3-9474-1A3956D46DE8}") = "Logic", "Logic", "{FDC19A90-572C-4537-9CB8-A649619195A2}"
EndProject
Project("{2150E333-8FDC-42A3-9474-1A3956D46DE8}") = "Tests", "Tests", "{AA39C989-D690-4DFC-961D-6D300B366039}"
EndProject
Project("{2150E333-8FDC-42A3-9474-1A3956D46DE8}") = "Application", "Application", "{AF8A4BB8-6345-4B1F-997F-551D651613B7}"
EndProject
Project("{2150E333-8FDC-42A3-9474-1A3956D46DE8}") = "Logic", "Logic", "{CE6EB558-9E75-499E-829E-A7CD146593ED}"
EndProject
Project("{2150E333-8FDC-42A3-9474-1A3956D46DE8}") = "UnitTests", "UnitTests", "{A6047ED4-E510-4ADB-BC09-24EEC1F14D8F}"
EndProject
Project("{2150E333-8FDC-42A3-9474-1A3956D46DE8}") = "Application", "Application", "{8260FBF6-E3AF-4D5E-A84B-8B2579EB6148}"
EndProject
Project("{9A19103F-16F7-4668-BE54-9A1E7A4F7556}") = "Calculator_Console", "Application\Calculator_Console\Calculator_Console.csproj", "{B8626A0F-8DB5-405C-8783-F1ECFDAC1DF6}"
EndProject
Project("{9A19103F-16F7-4668-BE54-9A1E7A4F7556}") = "Operations", "Logic\Operations\Operations.csproj", "{A673F878-41BB-4CFE-8F1F-7FE6884C18EC}"
EndProject
Project("{9A19103F-16F7-4668-BE54-9A1E7A4F7556}") = "Calculator_ConsoleTests", "Tests\UnitTests\Application\Calculator_ConsoleTests.csproj", "{79302A75-48B2-4E9B-AD1E-B49E6F4D247B}"
EndProject
Project("{9A19103F-16F7-4668-BE54-9A1E7A4F7556}") = "OperationsTests", "Tests\UnitTests\Arithmetic\OperationsTests.csproj", "{27711B70-5434-44EA-A23D-F585131105E1}"
EndProject
Global
	GlobalSection(SolutionConfigurationPlatforms) = preSolution
		Debug|Any CPU = Debug|Any CPU
		Release|Any CPU = Release|Any CPU
	EndGlobalSection
	GlobalSection(ProjectConfigurationPlatforms) = postSolution
		{B8626A0F-8DB5-405C-8783-F1ECFDAC1DF6}.Debug|Any CPU.ActiveCfg = Debug|Any CPU
		{B8626A0F-8DB5-405C-8783-F1ECFDAC1DF6}.Debug|Any CPU.Build.0 = Debug|Any CPU
		{B8626A0F-8DB5-405C-8783-F1ECFDAC1DF6}.Release|Any CPU.ActiveCfg = Release|Any CPU
		{B8626A0F-8DB5-405C-8783-F1ECFDAC1DF6}.Release|Any CPU.Build.0 = Release|Any CPU
		{A673F878-41BB-4CFE-8F1F-7FE6884C18EC}.Debug|Any CPU.ActiveCfg = Debug|Any CPU
		{A673F878-41BB-4CFE-8F1F-7FE6884C18EC}.Debug|Any CPU.Build.0 = Debug|Any CPU
		{A673F878-41BB-4CFE-8F1F-7FE6884C18EC}.Release|Any CPU.ActiveCfg = Release|Any CPU
		{A673F878-41BB-4CFE-8F1F-7FE6884C18EC}.Release|Any CPU.Build.0 = Release|Any CPU
		{79302A75-48B2-4E9B-AD1E-B49E6F4D247B}.Debug|Any CPU.ActiveCfg = Debug|Any CPU
		{79302A75-48B2-4E9B-AD1E-B49E6F4D247B}.Debug|Any CPU.Build.0 = Debug|Any CPU
		{79302A75-48B2-4E9B-AD1E-B49E6F4D247B}.Release|Any CPU.ActiveCfg = Release|Any CPU
		{79302A75-48B2-4E9B-AD1E-B49E6F4D247B}.Release|Any CPU.Build.0 = Release|Any CPU
		{27711B70-5434-44EA-A23D-F585131105E1}.Debug|Any CPU.ActiveCfg = Debug|Any CPU
		{27711B70-5434-44EA-A23D-F585131105E1}.Debug|Any CPU.Build.0 = Debug|Any CPU
		{27711B70-5434-44EA-A23D-F585131105E1}.Release|Any CPU.ActiveCfg = Release|Any CPU
		{27711B70-5434-44EA-A23D-F585131105E1}.Release|Any CPU.Build.0 = Release|Any CPU
	EndGlobalSection
	GlobalSection(SolutionProperties) = preSolution
		HideSolutionNode = FALSE
	EndGlobalSection
	GlobalSection(NestedProjects) = preSolution
		{CE6EB558-9E75-499E-829E-A7CD146593ED} = {A6047ED4-E510-4ADB-BC09-24EEC1F14D8F}
		{A6047ED4-E510-4ADB-BC09-24EEC1F14D8F} = {AA39C989-D690-4DFC-961D-6D300B366039}
		{8260FBF6-E3AF-4D5E-A84B-8B2579EB6148} = {A6047ED4-E510-4ADB-BC09-24EEC1F14D8F}
		{B8626A0F-8DB5-405C-8783-F1ECFDAC1DF6} = {AF8A4BB8-6345-4B1F-997F-551D651613B7}
		{A673F878-41BB-4CFE-8F1F-7FE6884C18EC} = {FDC19A90-572C-4537-9CB8-A649619195A2}
		{79302A75-48B2-4E9B-AD1E-B49E6F4D247B} = {8260FBF6-E3AF-4D5E-A84B-8B2579EB6148}
		{27711B70-5434-44EA-A23D-F585131105E1} = {CE6EB558-9E75-499E-829E-A7CD146593ED}
	EndGlobalSection
	GlobalSection(ExtensibilityGlobals) = postSolution
		SolutionGuid = {836DB189-FF79-49ED-AB87-86841E007208}
	EndGlobalSection
EndGlobal
